{
  "name": "@liquidau/router",
  "version": "0.2.2",
  "lockfileVersion": 3,
  "requires": true,
  "packages": {
    "": {
      "name": "@liquidau/router",
      "version": "0.2.2",
      "license": "MIT",
      "dependencies": {
        "@liquidau/embedding-classifier": "^0.8.0",
        "@liquidau/rule-miner": "^0.5.1",
        "@liquidau/text-preprocessing": "^0.1.0"
      },
      "devDependencies": {
        "@types/node": "^20.19.0",
        "esbuild": "^0.25.0",
        "tsx": "^4.19.0",
        "typescript": "^5.9.0"
      },
      "engines": {
        "node": ">=20"
      }
    },
    "node_modules/@esbuild/darwin-arm64": {
      "version": "0.25.12",
      "cpu": [
        "arm64"
      ],
      "dev": true,
      "license": "MIT",
      "optional": true,
      "os": [
        "darwin"
      ],
      "engines": {
        "node": ">=18"
      }
    },
    "node_modules/@liquidau/embedding-classifier": {
      "version": "0.8.0",
      "resolved": "https://registry.npmjs.org/@liquidau/embedding-classifier/-/embedding-classifier-0.8.0.tgz",
      "integrity": "sha512-8m0TM8qnu0vtO42C/itn+D8CE7Jzk5fpw2lnRpb1g9mu+0Ja+lrADv+YokRw7Ev/7GYnDQvVad1jIWVJXS00fA==",
      "license": "MIT",
      "dependencies": {
        "@liquidau/solvers": "^0.6.2",
        "@liquidau/text-preprocessing": "^0.1.0"
      },
      "engines": {
        "node": ">=20"
      }
    },
    "node_modules/@liquidau/rule-miner": {
      "version": "0.5.2",
      "resolved": "https://registry.npmjs.org/@liquidau/rule-miner/-/rule-miner-0.5.2.tgz",
      "integrity": "sha512-gv12xhjaQX0EaH6awzQqbpRBJ63GdJPc5Bv/eFHxlsKfkKlKiQs+shpzEYJcbY5vmWfpJksZyLlB0PBzd+zptQ==",
      "license": "MIT",
      "dependencies": {
        "@liquidau/solvers": "^0.6.2",
        "@liquidau/text-preprocessing": "^0.1.0"
      },
      "engines": {
        "node": ">=20"
      }
    },
    "node_modules/@liquidau/solvers": {
      "version": "0.6.2",
      "resolved": "https://registry.npmjs.org/@liquidau/solvers/-/solvers-0.6.2.tgz",
      "integrity": "sha512-H1CIEXms5F+XbxnPbLm8GoWDHI2Fh7wF6s3YSti4XsCqecZW74kczCcN7RXgsZd0H4kcyAszeM664sN2SWXcIg==",
      "license": "MIT",
      "engines": {
        "node": ">=20"
      }
    },
    "node_modules/@liquidau/text-preprocessing": {
      "version": "0.1.0",
      "resolved": "https://registry.npmjs.org/@liquidau/text-preprocessing/-/text-preprocessing-0.1.0.tgz",
      "integrity": "sha512-LhZiQcGe+F7a6akjwr8F1zqO3ohzbksA+Ey6u9HIoW/Sw8X7kl6RkR2LXSTM6hTag1AZj/haTxbk9xWqnqVNYA==",
      "license": "MIT",
      "engines": {
        "node": ">=20"
      }
    },
    "node_modules/@types/node": {
      "version": "20.19.43",
      "dev": true,
      "license": "MIT",
      "dependencies": {
        "undici-types": "~6.21.0"
      }
    },
    "node_modules/esbuild": {
      "version": "0.25.12",
      "dev": true,
      "hasInstallScript": true,
      "license": "MIT",
      "bin": {
        "esbuild": "bin/esbuild"
      },
      "engines": {
        "node": ">=18"
      },
      "optionalDependencies": {
        "@esbuild/aix-ppc64": "0.25.12",
        "@esbuild/android-arm": "0.25.12",
        "@esbuild/android-arm64": "0.25.12",
        "@esbuild/android-x64": "0.25.12",
        "@esbuild/darwin-arm64": "0.25.12",
        "@esbuild/darwin-x64": "0.25.12",
        "@esbuild/freebsd-arm64": "0.25.12",
        "@esbuild/freebsd-x64": "0.25.12",
        "@esbuild/linux-arm": "0.25.12",
        "@esbuild/linux-arm64": "0.25.12",
        "@esbuild/linux-ia32": "0.25.12",
        "@esbuild/linux-loong64": "0.25.12",
        "@esbuild/linux-mips64el": "0.25.12",
        "@esbuild/linux-ppc64": "0.25.12",
        "@esbuild/linux-riscv64": "0.25.12",
        "@esbuild/linux-s390x": "0.25.12",
        "@esbuild/linux-x64": "0.25.12",
        "@esbuild/netbsd-arm64": "0.25.12",
        "@esbuild/netbsd-x64": "0.25.12",
        "@esbuild/openbsd-arm64": "0.25.12",
        "@esbuild/openbsd-x64": "0.25.12",
        "@esbuild/openharmony-arm64": "0.25.12",
        "@esbuild/sunos-x64": "0.25.12",
        "@esbuild/win32-arm64": "0.25.12",
        "@esbuild/win32-ia32": "0.25.12",
        "@esbuild/win32-x64": "0.25.12"
      }
    },
    "node_modules/tsx": {
      "version": "4.23.15",
      "dev": true,
      "license": "MIT",
      "dependencies": {
        "esbuild": "~0.28.0"
      },
      "bin": {
        "tsx": "dist/cli.mjs"
      },
      "engines": {
        "node": ">=18.0.0"
      },
      "optionalDependencies": {
        "fsevents": "~2.3.3"
      }
    },
    "node_modules/tsx/node_modules/@esbuild/darwin-arm64": {
      "version": "0.28.2",
      "cpu": [
        "arm64"
      ],
      "dev": true,
      "license": "MIT",
      "optional": true,
      "os": [
        "darwin"
      ],
      "engines": {
        "node": ">=18"
      }
    },
    "node_modules/tsx/node_modules/esbuild": {
      "version": "0.28.2",
      "dev": true,
      "hasInstallScript": true,
      "license": "MIT",
      "bin": {
        "esbuild": "bin/esbuild"
      },
      "engines": {
        "node": ">=18"
      },
      "optionalDependencies": {
        "@esbuild/aix-ppc64": "0.28.2",
        "@esbuild/android-arm": "0.28.2",
        "@esbuild/android-arm64": "0.28.2",
        "@esbuild/android-x64": "0.28.2",
        "@esbuild/darwin-arm64": "0.28.2",
        "@esbuild/darwin-x64": "0.28.2",
        "@esbuild/freebsd-arm64": "0.28.2",
        "@esbuild/freebsd-x64": "0.28.2",
        "@esbuild/linux-arm": "0.28.2",
        "@esbuild/linux-arm64": "0.28.2",
        "@esbuild/linux-ia32": "0.28.2",
        "@esbuild/linux-loong64": "0.28.2",
        "@esbuild/linux-mips64el": "0.28.2",
        "@esbuild/linux-ppc64": "0.28.2",
        "@esbuild/linux-riscv64": "0.28.2",
        "@esbuild/linux-s390x": "0.28.2",
        "@esbuild/linux-x64": "0.28.2",
        "@esbuild/netbsd-arm64": "0.28.2",
        "@esbuild/netbsd-x64": "0.28.2",
        "@esbuild/openbsd-arm64": "0.28.2",
        "@esbuild/openbsd-x64": "0.28.2",
        "@esbuild/openharmony-arm64": "0.28.2",
        "@esbuild/sunos-x64": "0.28.2",
        "@esbuild/win32-arm64": "0.28.2",
        "@esbuild/win32-ia32": "0.28.2",
        "@esbuild/win32-x64": "0.28.2"
      }
    },
    "node_modules/typescript": {
      "version": "5.9.3",
      "dev": true,
      "license": "Apache-2.0",
      "bin": {
        "tsc": "bin/tsc",
        "tsserver": "bin/tsserver"
      },
      "engines": {
        "node": ">=14.17"
      }
    },
    "node_modules/undici-types": {
      "version": "6.21.0",
      "dev": true,
      "license": "MIT"
    }
  }
}
